{
  "version": "5",
  "redirects": {
    "https://esm.sh/ajv@^6.12.3/lib/refs/json-schema-draft-06.json?module": "https://esm.sh/ajv@6.12.6/lib/refs/json-schema-draft-06.json?module",
    "https://esm.sh/ajv@^6.12.3?target=denonext": "https://esm.sh/ajv@6.12.6?target=denonext",
    "https://esm.sh/asap@~2.0.6/raw?target=denonext": "https://esm.sh/asap@2.0.6/raw?target=denonext",
    "https://esm.sh/asap@~2.0.6?target=denonext": "https://esm.sh/asap@2.0.6?target=denonext",
    "https://esm.sh/asn1@~0.2.3?target=denonext": "https://esm.sh/asn1@0.2.6?target=denonext",
    "https://esm.sh/assert-plus@^1.0.0?target=denonext": "https://esm.sh/assert-plus@1.0.0?target=denonext",
    "https://esm.sh/asynckit@^0.4.0?target=denonext": "https://esm.sh/asynckit@0.4.0?target=denonext",
    "https://esm.sh/aws-sign2@~0.7.0?target=denonext": "https://esm.sh/aws-sign2@0.7.0?target=denonext",
    "https://esm.sh/aws4@^1.8.0?target=denonext": "https://esm.sh/aws4@1.13.2?target=denonext",
    "https://esm.sh/bcrypt-pbkdf@^1.0.0?target=denonext": "https://esm.sh/bcrypt-pbkdf@1.0.2?target=denonext",
    "https://esm.sh/bluebird@^3.5.0?target=denonext": "https://esm.sh/bluebird@3.7.2?target=denonext",
    "https://esm.sh/caseless@~0.12.0?target=denonext": "https://esm.sh/caseless@0.12.0?target=denonext",
    "https://esm.sh/combined-stream@^1.0.6?target=denonext": "https://esm.sh/combined-stream@1.0.8?target=denonext",
    "https://esm.sh/combined-stream@~1.0.6?target=denonext": "https://esm.sh/combined-stream@1.0.8?target=denonext",
    "https://esm.sh/delayed-stream@~1.0.0?target=denonext": "https://esm.sh/delayed-stream@1.0.0?target=denonext",
    "https://esm.sh/ecc-jsbn@~0.1.1/lib/ec?target=denonext": "https://esm.sh/ecc-jsbn@0.1.2/lib/ec?target=denonext",
    "https://esm.sh/ecc-jsbn@~0.1.1?target=denonext": "https://esm.sh/ecc-jsbn@0.1.2?target=denonext",
    "https://esm.sh/extend@~3.0.2?target=denonext": "https://esm.sh/extend@3.0.2?target=denonext",
    "https://esm.sh/extsprintf@^1.2.0?target=denonext": "https://esm.sh/extsprintf@1.4.1?target=denonext",
    "https://esm.sh/fast-deep-equal@^3.1.1?target=denonext": "https://esm.sh/fast-deep-equal@3.1.3?target=denonext",
    "https://esm.sh/fast-json-stable-stringify@^2.0.0?target=denonext": "https://esm.sh/fast-json-stable-stringify@2.1.0?target=denonext",
    "https://esm.sh/forever-agent@~0.6.1?target=denonext": "https://esm.sh/forever-agent@0.6.1?target=denonext",
    "https://esm.sh/form-data@~2.3.2?target=denonext": "https://esm.sh/form-data@2.3.3?target=denonext",
    "https://esm.sh/har-schema@^2.0.0?target=denonext": "https://esm.sh/har-schema@2.0.0?target=denonext",
    "https://esm.sh/har-validator@~5.1.3?target=denonext": "https://esm.sh/har-validator@5.1.5?target=denonext",
    "https://esm.sh/http-signature@~1.2.0?target=denonext": "https://esm.sh/http-signature@1.2.0?target=denonext",
    "https://esm.sh/is-typedarray@~1.0.0?target=denonext": "https://esm.sh/is-typedarray@1.0.0?target=denonext",
    "https://esm.sh/isstream@~0.1.2?target=denonext": "https://esm.sh/isstream@0.1.2?target=denonext",
    "https://esm.sh/jsbn@~0.1.0?target=denonext": "https://esm.sh/jsbn@0.1.1?target=denonext",
    "https://esm.sh/json-schema-traverse@^0.4.1?target=denonext": "https://esm.sh/json-schema-traverse@0.4.1?target=denonext",
    "https://esm.sh/json-stringify-safe@~5.0.1?target=denonext": "https://esm.sh/json-stringify-safe@5.0.1?target=denonext",
    "https://esm.sh/jsprim@^1.2.2?target=denonext": "https://esm.sh/jsprim@1.4.2?target=denonext",
    "https://esm.sh/lodash@^4.17.19/isArray?target=denonext": "https://esm.sh/lodash@4.17.21/isArray?target=denonext",
    "https://esm.sh/lodash@^4.17.19/isFunction?target=denonext": "https://esm.sh/lodash@4.17.21/isFunction?target=denonext",
    "https://esm.sh/lodash@^4.17.19/isObjectLike?target=denonext": "https://esm.sh/lodash@4.17.21/isObjectLike?target=denonext",
    "https://esm.sh/lodash@^4.17.19/isString?target=denonext": "https://esm.sh/lodash@4.17.21/isString?target=denonext",
    "https://esm.sh/lodash@^4.17.19/isUndefined?target=denonext": "https://esm.sh/lodash@4.17.21/isUndefined?target=denonext",
    "https://esm.sh/mime-types@^2.1.12?target=denonext": "https://esm.sh/mime-types@2.1.35?target=denonext",
    "https://esm.sh/mime-types@~2.1.19?target=denonext": "https://esm.sh/mime-types@2.1.35?target=denonext",
    "https://esm.sh/oauth-sign@~0.9.0?target=denonext": "https://esm.sh/oauth-sign@0.9.0?target=denonext",
    "https://esm.sh/performance-now@^2.1.0?target=denonext": "https://esm.sh/performance-now@2.1.0?target=denonext",
    "https://esm.sh/promise@^8.1.0?target=denonext": "https://esm.sh/promise@8.3.0?target=denonext",
    "https://esm.sh/psl@^1.1.28?target=denonext": "https://esm.sh/psl@1.15.0?target=denonext",
    "https://esm.sh/qs@~6.5.2?target=denonext": "https://esm.sh/qs@6.5.3?target=denonext",
    "https://esm.sh/request-promise@^4.2.6?target=denonext": "https://esm.sh/request-promise@4.2.6?target=denonext",
    "https://esm.sh/request@^2.34?target=denonext": "https://esm.sh/request@2.88.2?target=denonext",
    "https://esm.sh/safe-buffer@^5.0.1?target=denonext": "https://esm.sh/safe-buffer@5.2.1?target=denonext",
    "https://esm.sh/safe-buffer@^5.1.2?target=denonext": "https://esm.sh/safe-buffer@5.2.1?target=denonext",
    "https://esm.sh/safer-buffer@^2.0.2?target=denonext": "https://esm.sh/safer-buffer@2.1.2?target=denonext",
    "https://esm.sh/safer-buffer@^2.1.0?target=denonext": "https://esm.sh/safer-buffer@2.1.2?target=denonext",
    "https://esm.sh/safer-buffer@~2.1.0?target=denonext": "https://esm.sh/safer-buffer@2.1.2?target=denonext",
    "https://esm.sh/sshpk@^1.7.0?target=denonext": "https://esm.sh/sshpk@1.18.0?target=denonext",
    "https://esm.sh/stealthy-require@^1.1.1?target=denonext": "https://esm.sh/stealthy-require@1.1.1?target=denonext",
    "https://esm.sh/tough-cookie@^2.3.3?target=denonext": "https://esm.sh/tough-cookie@2.5.0?target=denonext",
    "https://esm.sh/tough-cookie@~2.5.0?target=denonext": "https://esm.sh/tough-cookie@2.5.0?target=denonext",
    "https://esm.sh/tunnel-agent@^0.6.0?target=denonext": "https://esm.sh/tunnel-agent@0.6.0?target=denonext",
    "https://esm.sh/tweetnacl@^0.14.3?target=denonext": "https://esm.sh/tweetnacl@0.14.5?target=denonext",
    "https://esm.sh/tweetnacl@~0.14.0?target=denonext": "https://esm.sh/tweetnacl@0.14.5?target=denonext",
    "https://esm.sh/uri-js@^4.2.2?target=denonext": "https://esm.sh/uri-js@4.4.1?target=denonext",
    "https://esm.sh/uuid@^3.3.2/v4?target=denonext": "https://esm.sh/uuid@3.4.0/v4?target=denonext"
  },
  "remote": {
    "https://deno.land/std@0.177.0/async/abortable.ts": "73acfb3ed7261ce0d930dbe89e43db8d34e017b063cf0eaa7d215477bf53442e",
    "https://deno.land/std@0.177.0/async/deadline.ts": "c5facb0b404eede83e38bd2717ea8ab34faa2ffb20ef87fd261fcba32ba307aa",
    "https://deno.land/std@0.177.0/async/debounce.ts": "adab11d04ca38d699444ac8a9d9856b4155e8dda2afd07ce78276c01ea5a4332",
    "https://deno.land/std@0.177.0/async/deferred.ts": "42790112f36a75a57db4a96d33974a936deb7b04d25c6084a9fa8a49f135def8",
    "https://deno.land/std@0.177.0/async/delay.ts": "73aa04cec034c84fc748c7be49bb15cac3dd43a57174bfdb7a4aec22c248f0dd",
    "https://deno.land/std@0.177.0/async/mod.ts": "f04344fa21738e5ad6bea37a6bfffd57c617c2d372bb9f9dcfd118a1b622e576",
    "https://deno.land/std@0.177.0/async/mux_async_iterator.ts": "70c7f2ee4e9466161350473ad61cac0b9f115cff4c552eaa7ef9d50c4cbb4cc9",
    "https://deno.land/std@0.177.0/async/pool.ts": "fd082bd4aaf26445909889435a5c74334c017847842ec035739b4ae637ae8260",
    "https://deno.land/std@0.177.0/async/retry.ts": "5efa3ba450ac0c07a40a82e2df296287b5013755d232049efd7ea2244f15b20f",
    "https://deno.land/std@0.177.0/async/tee.ts": "47e42d35f622650b02234d43803d0383a89eb4387e1b83b5a40106d18ae36757",
    "https://deno.land/std@0.177.0/http/server.ts": "cbb17b594651215ba95c01a395700684e569c165a567e4e04bba327f41197433",
    "https://deno.land/std@0.208.0/async/delay.ts": "a6142eb44cdd856b645086af2b811b1fcce08ec06bb7d50969e6a872ee9b8659",
    "https://deno.land/std@0.208.0/http/server.ts": "f3cde6672e631d3e00785743cfa96bfed275618c0352c5ae84abbe5a2e0e4afc",
    "https://esm.sh/ajv@6.12.6/denonext/ajv.mjs": "b31a0df750c752ca461950a411ae2daa3a3a625304fe30a87f4f29b40ad761c1",
    "https://esm.sh/ajv@6.12.6/lib/refs/json-schema-draft-06.json?module": "d694a70afc568c06f9fc40cca3628fa6716e306b6dc1fbd425a409717ad21919",
    "https://esm.sh/ajv@6.12.6?target=denonext": "1ed61bc00ddfc729b3295ae8a79fb51aca6528fa21431473e44386fe3ecbeadc",
    "https://esm.sh/asap@2.0.6/denonext/asap.mjs": "33dd078f715b0c53d0c8e5d1995dee1da9d0a9de0c83254571c9e11b51684d75",
    "https://esm.sh/asap@2.0.6/denonext/raw.mjs": "0166bc32783d6275e7c387d22cfd0f2d01e867da407230ff6fa542b79f726a71",
    "https://esm.sh/asap@2.0.6/raw?target=denonext": "4418d528aff7987758a55509300e8e909e3a2a3e245bc8b0ef252273c1cec62d",
    "https://esm.sh/asap@2.0.6?target=denonext": "92705500a59da1b8b089681ac0caddad47337f4cd280d2ec48d0dbd84f902ff9",
    "https://esm.sh/asn1@0.2.6/denonext/asn1.mjs": "c6480ef9774fed88eb8b09bff139ebb8702af4c5af32c74098a62e4c19807039",
    "https://esm.sh/asn1@0.2.6?target=denonext": "1a2d3599e926e999d384c62db56b34b1ea2ebb8008f296d1edd6a47e7e49c5a5",
    "https://esm.sh/assert-plus@1.0.0/denonext/assert-plus.mjs": "a26db39160202df45537985ce895c9590a3a833a71f78e8ebe7a8ec1e7b5cf89",
    "https://esm.sh/assert-plus@1.0.0?target=denonext": "3228f132fe30026eefe094014c6f2ae56db4eb0dc3053efb390dc5c8e7bf70f0",
    "https://esm.sh/asynckit@0.4.0/denonext/asynckit.mjs": "4ef3be6eb52c104699b90ca5524db55ec15bc76b361432f05c16b6106279ba72",
    "https://esm.sh/asynckit@0.4.0?target=denonext": "c6bd8832d6d16b648e22d124a16d33c3a7f7076e92be9444f2e4f6b27545708d",
    "https://esm.sh/aws-sign2@0.7.0/denonext/aws-sign2.mjs": "bc480c7cb867412f4cff3fa23d867c6c37687f878c4ff80e3e74cc3fc6224fb8",
    "https://esm.sh/aws-sign2@0.7.0?target=denonext": "f257009f805b2e99f138b32bc339791f60b13b054fc395c5e1ef5ed466a3dae2",
    "https://esm.sh/aws4@1.13.2/denonext/aws4.mjs": "c618b0e5370a51aa075a2bc31b5e28f8e091a0f6a2cd00abc7e814584cd830fd",
    "https://esm.sh/aws4@1.13.2?target=denonext": "110592f124b30167a00d3362900039ef514d9ec8c654affa48c9afb0a8d4f0f7",
    "https://esm.sh/bcrypt-pbkdf@1.0.2/denonext/bcrypt-pbkdf.mjs": "a13ee1eca565bcdb8fffaa130d6c2fbbef21967398e50e66cc4e467fad8e410b",
    "https://esm.sh/bcrypt-pbkdf@1.0.2?target=denonext": "67f9a399962e8ed2d63865b1790fbe8cbf38c97e126f03999e4ff081c50e32cf",
    "https://esm.sh/bluebird@3.7.2/denonext/bluebird.mjs": "22e23fb0e69e05655f33e9664cbc521097d5a5bafc02edde4b06ae074a6efeef",
    "https://esm.sh/bluebird@3.7.2?target=denonext": "0bb0dd93cd793612c8d92d93f2341437140202f84e0264e9918c202aaee11b4d",
    "https://esm.sh/caseless@0.12.0/denonext/caseless.mjs": "afdc5cb28a048b80a3003debbcfb072257c5f40e17be9bc038a5c20f274b3237",
    "https://esm.sh/caseless@0.12.0?target=denonext": "157275c3bc13348d23318d02b17d96bcfc59202d396d33f7f4c597130e03e096",
    "https://esm.sh/combined-stream@1.0.8/denonext/combined-stream.mjs": "364b91aa4c33e5f0b4075949d93a3407b21a8695031e7c2be29999d588f9ca2c",
    "https://esm.sh/combined-stream@1.0.8?target=denonext": "a0c89b8b29494e966774c7a708e33cc2df16a0bbe2279c841d088e169e7ab3c4",
    "https://esm.sh/core-util-is@1.0.2/denonext/core-util-is.mjs": "2315de14f36d20f9cc2547b5fb6cbc62dc6a3f77843a27b6a46d4b5001fbb4fe",
    "https://esm.sh/delayed-stream@1.0.0/denonext/delayed-stream.mjs": "051a3501b7b3d3c593b78a2c7305093a8e363c518cd156f1a77117185e312abe",
    "https://esm.sh/delayed-stream@1.0.0?target=denonext": "d363b81e01f4c886114df14aa660c1a938bbb4be851ff12132260bed0db6126e",
    "https://esm.sh/ecc-jsbn@0.1.2/denonext/ecc-jsbn.mjs": "66a575a61b72bb0a69022010a060e03c2399d137369038e4fae0da16c21e3467",
    "https://esm.sh/ecc-jsbn@0.1.2/denonext/lib/ec.mjs": "cef6481ddb8e9d05d2daa66450c14a085a67c135f960351034b82be46b8e6c95",
    "https://esm.sh/ecc-jsbn@0.1.2/lib/ec?target=denonext": "b31f3d22e92562b4921b2e9034f0ece4d76117ffe62f827e6bec2ad5c1b76cc7",
    "https://esm.sh/ecc-jsbn@0.1.2?target=denonext": "d81056d5071b2f7c1facb85a05c37961909359d6567ed06cf7dae060f6fc1824",
    "https://esm.sh/extend@3.0.2/denonext/extend.mjs": "2fcb45893e5be70d629e3c4c6f3100ee1bba03bc672ece1d4ae57c3b88db3a71",
    "https://esm.sh/extend@3.0.2?target=denonext": "35f0cb416b1c2975321f6cfc0fc0e9ae13d3a83fe90705718880f502a2e22ea4",
    "https://esm.sh/extsprintf@1.3.0/denonext/extsprintf.mjs": "1e2f27af005e5b3d781483aad59bdae5d0d54094a45f367e005de37fc910d162",
    "https://esm.sh/extsprintf@1.4.1/denonext/extsprintf.mjs": "181b2ad8d0efc06f50ab1096306ead1f2cbebf5d1ed342f88b35a0e076d5d10e",
    "https://esm.sh/extsprintf@1.4.1?target=denonext": "1443ad92d4b22873bdfd14a5d63598178bf999485f64b879ca29444955e156c2",
    "https://esm.sh/fast-deep-equal@3.1.3/denonext/fast-deep-equal.mjs": "66e5d717af5e6a08366cc6aa421af1838a773895070bfee46c45102adf7ddc5f",
    "https://esm.sh/fast-deep-equal@3.1.3?target=denonext": "2d47696bbd2c43a836e333ae5035542a56eb76e4fd728204c75eaaeea86c3b5c",
    "https://esm.sh/fast-json-stable-stringify@2.1.0/denonext/fast-json-stable-stringify.mjs": "edae2bd0fb538bc5f0f96bed91feb67bae0ec529e9a84fe834f9a8ce221d74d2",
    "https://esm.sh/fast-json-stable-stringify@2.1.0?target=denonext": "25839cf11cd499b0f730bcfa5496783a8a94de435b58082725883ee3320a917c",
    "https://esm.sh/forever-agent@0.6.1/denonext/forever-agent.mjs": "819b7719b7d41b9535ff2e39a4ced1977c306d569d8647c0e43bbf43c6c521ec",
    "https://esm.sh/forever-agent@0.6.1?target=denonext": "1cb4bb0302506b8e16201966139d71487a4f96439ceb9533f8abb5308fa667ba",
    "https://esm.sh/form-data@2.3.3/denonext/form-data.mjs": "3717aa00bb60aa2287d4db42b1c37f85d607f039bca176006afef6028dd8ab83",
    "https://esm.sh/form-data@2.3.3?target=denonext": "f4114224902d749b9ca5e6e15ee5f18a9a07ae43dd24f75eb115420fa50f7244",
    "https://esm.sh/har-schema@2.0.0/denonext/har-schema.mjs": "df91963e6e47bdf4866e11be455424ca362c2aab5cbd915e8bf90bf207a5dcd4",
    "https://esm.sh/har-schema@2.0.0?target=denonext": "882ed4725ba32c110d8b87f0bbac1f98e2d6340dbb08a931bd1ff8036e181e0e",
    "https://esm.sh/har-validator@5.1.5/denonext/har-validator.mjs": "fe13a1209c5e7aed5d931f03befd57fd36dc2f562b74f8ecc0a874b4f97b767b",
    "https://esm.sh/har-validator@5.1.5?target=denonext": "1b248660e9f43455140772fcd006574f21b3826bef9ad25844d68709e001b535",
    "https://esm.sh/http-signature@1.2.0/denonext/http-signature.mjs": "10a71f4e49c2883060ddb9fb92adc7d74393b4908258bf4b59b69b179c5a50c4",
    "https://esm.sh/http-signature@1.2.0?target=denonext": "11fd11a508778e92b73f9a196d0a135c70a3aed52f0e505750f7df0e271eda2c",
    "https://esm.sh/is-typedarray@1.0.0/denonext/is-typedarray.mjs": "09bd9bfe18911861fd76801998528f0643e4b3e2b296af1ebb29a542b424fa38",
    "https://esm.sh/is-typedarray@1.0.0?target=denonext": "98762bc10e5c3c1018c3352359a405ed788273018369779779f5d0dfc77441ae",
    "https://esm.sh/isstream@0.1.2/denonext/isstream.mjs": "933f4c92d70f281e08f1f29496fb6e791d6f7376bfccdde23b315f8a63eed4a2",
    "https://esm.sh/isstream@0.1.2?target=denonext": "f99a270589316cb01ccc80c6bf152f91c5ffc6a3b52674f9ca24023da71b6dc4",
    "https://esm.sh/jsbn@0.1.1/denonext/jsbn.mjs": "a7696ae21f642b2145fc6c2328e3b69e7a37f1465335f032eb65898a221d749a",
    "https://esm.sh/jsbn@0.1.1?target=denonext": "0f3655b4c9f92e721e979a08eddb06dce29ca13fc3c93fc53829f882b3416fb5",
    "https://esm.sh/json-schema-traverse@0.4.1/denonext/json-schema-traverse.mjs": "6f82b730cf8e26dfa45700a51c3c646bea70cdd4c446ac9c527039024a55b063",
    "https://esm.sh/json-schema-traverse@0.4.1?target=denonext": "6791c32973d21ce180928e3781ee8f376c53cfdf339764250ece95b4116b7b42",
    "https://esm.sh/json-schema@0.4.0/denonext/json-schema.mjs": "95225c6fc709935fca00cfc112f2ab043d204f7bd07a8aaec75b1b5f24ca8bf6",
    "https://esm.sh/json-stringify-safe@5.0.1/denonext/json-stringify-safe.mjs": "af58370fb78ca61f48f25e1316b40fe1608e95722b214058f02393f356e6e0de",
    "https://esm.sh/json-stringify-safe@5.0.1?target=denonext": "035aee0f2071dd8dc8e0c7eadfb47424e65a0e60fd1fa920edeb862fb2dc9cd5",
    "https://esm.sh/jsprim@1.4.2/denonext/jsprim.mjs": "c387db2560b276f2f8af4a6ec41d48cda2a056b25206933d71aa79c22187eb41",
    "https://esm.sh/jsprim@1.4.2?target=denonext": "6810e62e098a044d8f153679339b5a5cbf881468c5c60728a761102d6debb281",
    "https://esm.sh/lodash@4.17.21/denonext/isArray.mjs": "3efcf40d2d01ee9d4bdb5414f0a81db29a4df3f3ef71263fed1a985d8f814682",
    "https://esm.sh/lodash@4.17.21/denonext/isFunction.mjs": "1fc7de55b6c4c21da2c1c194e674da102acde848ad00f67ef816665e572a4b50",
    "https://esm.sh/lodash@4.17.21/denonext/isObjectLike.mjs": "64a5ed09120d68b240d4fb0948248c4e7969ca4c8d0928d399d943b70af7f9f4",
    "https://esm.sh/lodash@4.17.21/denonext/isString.mjs": "3c30740fd3e0b2e00994b82748adaad81c355ccce88eb381ae0fb58e49dcad3e",
    "https://esm.sh/lodash@4.17.21/denonext/isUndefined.mjs": "878ebc2831628404c5e48b55df7c59ee094bfce3501f7198985f80cfba957f86",
    "https://esm.sh/lodash@4.17.21/isArray?target=denonext": "b7cf0ae3525789f079bf22d6ec17695526443181d7d3e77a9b292e2c146af569",
    "https://esm.sh/lodash@4.17.21/isFunction?target=denonext": "e17b97df32e126401c056dac95b045391e91341cf83f0d2b676a26ff93f5fe2f",
    "https://esm.sh/lodash@4.17.21/isObjectLike?target=denonext": "cbc30917047c01d9c2de861622a15adbab54a08ca7b35827a0906af7cc98ef43",
    "https://esm.sh/lodash@4.17.21/isString?target=denonext": "f3454588eceef6091c716653a046ddcf1890820e14ff210441554ba8629961f7",
    "https://esm.sh/lodash@4.17.21/isUndefined?target=denonext": "c558b9e7ce8ffb48a053f3375c89d58d876fa7d35b5afc0c3b6963977cdf619f",
    "https://esm.sh/mime-db@1.52.0/denonext/mime-db.mjs": "f93feb3d7150014b71bd0d06c5bd819db56a089b31b8b79a3b0466bb37ef005e",
    "https://esm.sh/mime-types@2.1.35/denonext/mime-types.mjs": "704bdb318816fe1360c90a196f7cb3ba6e25fe207707cc2df873f890ad2e5f44",
    "https://esm.sh/mime-types@2.1.35?target=denonext": "e4cc9a1aabecc1be22d194375ec3b99cc9d51700cc4629ab689975451c0a8ce5",
    "https://esm.sh/oauth-sign@0.9.0/denonext/oauth-sign.mjs": "7d1a7e5f41f0f099fc4cf651ba3e7a612236fc56b07dbcc14c2eb417ef71f621",
    "https://esm.sh/oauth-sign@0.9.0?target=denonext": "cee27fce9766fa3114f81fec402fed96e1171cdad407d7d6db1e3a9f6228db67",
    "https://esm.sh/performance-now@2.1.0/denonext/performance-now.mjs": "865e852a187e5ac0622bc803aa0e959f633a71f2b6c297cda8806961febe889b",
    "https://esm.sh/performance-now@2.1.0?target=denonext": "19f5f27e3631f9a471d73e9bf3f3731cd099701a7656817ee92f922a9c0f3272",
    "https://esm.sh/promise@8.3.0/denonext/promise.mjs": "27c4ea8cbc4b36737d4a933f4181fedd9794b65bd75e552e8a7d022f9d32385a",
    "https://esm.sh/promise@8.3.0?target=denonext": "047fbb1e76e74dff3b4e95a2d5559b31b474dee64acefce69f06c326c305c0c9",
    "https://esm.sh/psl@1.15.0/denonext/psl.mjs": "098feead55f7c9e049ac48a67cc7dac29283670880519fd7d9dfcdf589fec094",
    "https://esm.sh/psl@1.15.0?target=denonext": "60952f0526f57f553ec70f64fcec5986911036e97c8ec5a3023f7ab9389d2754",
    "https://esm.sh/qs@6.5.3/denonext/qs.mjs": "3a3f9a29eb1675d5efeca82970eadd5e582140aeacb1aeac9d436167f43b2a89",
    "https://esm.sh/qs@6.5.3?target=denonext": "1be23a50f3dddfb64077eb2377c49b08e90ec76a615fef45d2510f712d892206",
    "https://esm.sh/razorpay@2.8.6": "cc67333ed3d6dc4d6a3f6ea8fbdc74a10a1e1928f25ffc5b5b67cbd20b8df3ee",
    "https://esm.sh/razorpay@2.8.6/denonext/razorpay.mjs": "9b9b28da3877cbdd2c22667c06b63a0f54ec34d114d380fe07556ef9b681de6b",
    "https://esm.sh/request-promise-core@1.1.4/denonext/configure/request2.mjs": "bb048cdd43ac3dc6aca8e940f52d3626bb6c7f8c6d78da6bd6286a18a324007a",
    "https://esm.sh/request-promise-core@1.1.4/denonext/request-promise-core.mjs": "5cf25103e87fd8bcb1f292596e058aac70e4fc7afabdcb4adf4c28e0a34dd793",
    "https://esm.sh/request-promise@4.2.6/denonext/request-promise.mjs": "28b1ea031e712274f70d1c8025088edd10414dfaee550572f31f39d88142b0dd",
    "https://esm.sh/request-promise@4.2.6?target=denonext": "a69dfef3679f29e0f0dabe2ebc0bf0b17e1e74993fac552607a6bec6535bdfbc",
    "https://esm.sh/request@2.88.2/denonext/request.mjs": "7f031ff4b5f79dfeb1209afcd1ec43887664d03ea45d1d3200d49b94de4e085c",
    "https://esm.sh/request@2.88.2?target=denonext": "65239304a8f5cec746a3e1dfce8a2a48be96795056d05b3445ef2aecda863266",
    "https://esm.sh/safe-buffer@5.2.1/denonext/safe-buffer.mjs": "51b088d69d0bbf6d7ce4179853887e105715df40e432a3bff0e9575cc2285276",
    "https://esm.sh/safe-buffer@5.2.1?target=denonext": "34028b9647c849fa96dfd3d9f217a3adca8b43b13409820ac3f43fb15eba3e20",
    "https://esm.sh/safer-buffer@2.1.2/denonext/safer-buffer.mjs": "63b601ca3ed03a32349ca04538ac898f2c520dbc6b554246d11c482c31e8a6b8",
    "https://esm.sh/safer-buffer@2.1.2?target=denonext": "381ed15e73b07affd71d58c070213d027e4b8951c381f44e5f80589d3ea9957b",
    "https://esm.sh/sshpk@1.18.0/denonext/sshpk.mjs": "90b9cf117eca79f1ea3ebc7f3e7469d1a73b6f754736645c9804942a7ef99911",
    "https://esm.sh/sshpk@1.18.0?target=denonext": "230209414b18a877b34a260fbe34a97426a3443d8cf1cfb754b1247c61cf9613",
    "https://esm.sh/stealthy-require@1.1.1/denonext/stealthy-require.mjs": "482983e7f18b4d52e8fecc0e1c5b92a3458237d9d4c873075a9e9fc3fd097fd0",
    "https://esm.sh/stealthy-require@1.1.1?target=denonext": "c7586d3dfb5053dc2454a047e026a3e85ad9730ce393b23af9ede9ffb7c32133",
    "https://esm.sh/tough-cookie@2.5.0/denonext/tough-cookie.mjs": "94c365d9c94a095d8e619d95d6a7ab12e19cb90b84add216a6c2dfbb8c32d5ad",
    "https://esm.sh/tough-cookie@2.5.0?target=denonext": "18be4a3a95b862c3b305189deea0c9ebe49b5c40bd3677dd442389652b9b6e54",
    "https://esm.sh/tunnel-agent@0.6.0/denonext/tunnel-agent.mjs": "74e2299dc96e4fc7620f46ec24913e61c4d7c3af051311e1b6b62c5dacf7bad5",
    "https://esm.sh/tunnel-agent@0.6.0?target=denonext": "60103eafe6e24b4f375fc9e6c9752043a12218c3fbcac3262eee72461379e4ee",
    "https://esm.sh/tweetnacl@0.14.5/denonext/tweetnacl.mjs": "0b20678695bf53289130dc8c81228bc4546376793fba3511a88f4f8692883cac",
    "https://esm.sh/tweetnacl@0.14.5?target=denonext": "096e690ec1feb6eceeb0040937f50bf3a95153eed5422f17c11e0167bf6e5222",
    "https://esm.sh/uri-js@4.4.1/denonext/uri-js.mjs": "bd68de3817f6918945452daf63e75f42cda9b299115b525e8c905b53c2e64854",
    "https://esm.sh/uri-js@4.4.1?target=denonext": "712c0abb88b934bb78fe2919ee64eb73cd17a09867993f879cfe422c15b4172a",
    "https://esm.sh/uuid@3.4.0/denonext/v4.mjs": "8b957a5849b03b73ee2658fab1b20a2003875c00900a4ad197d15e92fb9d8aed",
    "https://esm.sh/uuid@3.4.0/v4?target=denonext": "07d4965f7cc4c0d0b90555fbdeaf99e18f927c807e003e1c3e77d54a4c2afb21",
    "https://esm.sh/verror@1.10.0/denonext/verror.mjs": "4c826d153d8f57302a8c09b0c5d4c6d02babfcc05dcf1ed4641d081311e67e5e"
  }
}
